// !$*UTF8*$!
{
	archiveVersion = 1;
	classes = {
	};
	objectVersion = 50;
	objects = {

/* Begin PBXBuildFile section */
		DB4E1DB124F8A94B0053AE95 /* AppDelegate.swift in Sources */ = {isa = PBXBuildFile; fileRef = DB4E1DB024F8A94B0053AE95 /* AppDelegate.swift */; };
		DB4E1DB324F8A94B0053AE95 /* SceneDelegate.swift in Sources */ = {isa = PBXBuildFile; fileRef = DB4E1DB224F8A94B0053AE95 /* SceneDelegate.swift */; };
		DB4E1DB524F8A94B0053AE95 /* ViewController.swift in Sources */ = {isa = PBXBuildFile; fileRef = DB4E1DB424F8A94B0053AE95 /* ViewController.swift */; };
		DB4E1DB824F8A94B0053AE95 /* Main.storyboard in Resources */ = {isa = PBXBuildFile; fileRef = DB4E1DB624F8A94B0053AE95 /* Main.storyboard */; };
		DB4E1DBA24F8A94E0053AE95 /* Assets.xcassets in Resources */ = {isa = PBXBuildFile; fileRef = DB4E1DB924F8A94E0053AE95 /* Assets.xcassets */; };
		DB4E1DBD24F8A94E0053AE95 /* LaunchScreen.storyboard in Resources */ = {isa = PBXBuildFile; fileRef = DB4E1DBB24F8A94E0053AE95 /* LaunchScreen.storyboard */; };
		DB4E1DC724F8AB980053AE95 /* maruSound.mp3 in Resources */ = {isa = PBXBuildFile; fileRef = DB4E1DC424F8AB970053AE95 /* maruSound.mp3 */; };
		DB4E1DC824F8AB980053AE95 /* batsuSound.mp3 in Resources */ = {isa = PBXBuildFile; fileRef = DB4E1DC524F8AB970053AE95 /* batsuSound.mp3 */; };
		DB4E1DC924F8AB980053AE95 /* sound.mp3 in Resources */ = {isa = PBXBuildFile; fileRef = DB4E1DC624F8AB970053AE95 /* sound.mp3 */; };
		DB4E1DCE24F928C10053AE95 /* NextViewController.swift in Sources */ = {isa = PBXBuildFile; fileRef = DB4E1DCD24F928C10053AE95 /* NextViewController.swift */; };
		DB4E1DD024F9445F0053AE95 /* imagesModel.swift in Sources */ = {isa = PBXBuildFile; fileRef = DB4E1DCF24F9445F0053AE95 /* imagesModel.swift */; };
		DB4E1DD224F945460053AE95 /* imagesList.swift in Sources */ = {isa = PBXBuildFile; fileRef = DB4E1DD124F945460053AE95 /* imagesList.swift */; };
		DB5A4B5524FA89DA00B392A0 /* SoundFile.swift in Sources */ = {isa = PBXBuildFile; fileRef = DB5A4B5424FA89DA00B392A0 /* SoundFile.swift */; };
		DB5A4B5724FA8E6500B392A0 /* Animal.swift in Sources */ = {isa = PBXBuildFile; fileRef = DB5A4B5624FA8E6500B392A0 /* Animal.swift */; };
		DB5A4B5924FA8F4000B392A0 /* Huma.swift in Sources */ = {isa = PBXBuildFile; fileRef = DB5A4B5824FA8F4000B392A0 /* Huma.swift */; };
		DB5A4B5B24FA917D00B392A0 /* WithOutMP3.swift in Sources */ = {isa = PBXBuildFile; fileRef = DB5A4B5A24FA917D00B392A0 /* WithOutMP3.swift */; };
		DB5A4B5D24FBD27600B392A0 /* ChangeColor.swift in Sources */ = {isa = PBXBuildFile; fileRef = DB5A4B5C24FBD27600B392A0 /* ChangeColor.swift */; };
/* End PBXBuildFile section */

/* Begin PBXFileReference section */
		DB4E1DAD24F8A94B0053AE95 /* QuestionApp.app */ = {isa = PBXFileReference; explicitFileType = wrapper.application; includeInIndex = 0; path = QuestionApp.app; sourceTree = BUILT_PRODUCTS_DIR; };
		DB4E1DB024F8A94B0053AE95 /* AppDelegate.swift */ = {isa = PBXFileReference; lastKnownFileType = sourcecode.swift; path = AppDelegate.swift; sourceTree = "<group>"; };
		DB4E1DB224F8A94B0053AE95 /* SceneDelegate.swift */ = {isa = PBXFileReference; lastKnownFileType = sourcecode.swift; path = SceneDelegate.swift; sourceTree = "<group>"; };
		DB4E1DB424F8A94B0053AE95 /* ViewController.swift */ = {isa = PBXFileReference; lastKnownFileType = sourcecode.swift; path = ViewController.swift; sourceTree = "<group>"; };
		DB4E1DB724F8A94B0053AE95 /* Base */ = {isa = PBXFileReference; lastKnownFileType = file.storyboard; name = Base; path = Base.lproj/Main.storyboard; sourceTree = "<group>"; };
		DB4E1DB924F8A94E0053AE95 /* Assets.xcassets */ = {isa = PBXFileReference; lastKnownFileType = folder.assetcatalog; path = Assets.xcassets; sourceTree = "<group>"; };
		DB4E1DBC24F8A94E0053AE95 /* Base */ = {isa = PBXFileReference; lastKnownFileType = file.storyboard; name = Base; path = Base.lproj/LaunchScreen.storyboard; sourceTree = "<group>"; };
		DB4E1DBE24F8A94E0053AE95 /* Info.plist */ = {isa = PBXFileReference; lastKnownFileType = text.plist.xml; path = Info.plist; sourceTree = "<group>"; };
		DB4E1DC424F8AB970053AE95 /* maruSound.mp3 */ = {isa = PBXFileReference; lastKnownFileType = audio.mp3; path = maruSound.mp3; sourceTree = "<group>"; };
		DB4E1DC524F8AB970053AE95 /* batsuSound.mp3 */ = {isa = PBXFileReference; lastKnownFileType = audio.mp3; path = batsuSound.mp3; sourceTree = "<group>"; };
		DB4E1DC624F8AB970053AE95 /* sound.mp3 */ = {isa = PBXFileReference; lastKnownFileType = audio.mp3; path = sound.mp3; sourceTree = "<group>"; };
		DB4E1DCD24F928C10053AE95 /* NextViewController.swift */ = {isa = PBXFileReference; lastKnownFileType = sourcecode.swift; path = NextViewController.swift; sourceTree = "<group>"; };
		DB4E1DCF24F9445F0053AE95 /* imagesModel.swift */ = {isa = PBXFileReference; lastKnownFileType = sourcecode.swift; path = imagesModel.swift; sourceTree = "<group>"; };
		DB4E1DD124F945460053AE95 /* imagesList.swift */ = {isa = PBXFileReference; lastKnownFileType = sourcecode.swift; path = imagesList.swift; sourceTree = "<group>"; };
		DB5A4B5424FA89DA00B392A0 /* SoundFile.swift */ = {isa = PBXFileReference; lastKnownFileType = sourcecode.swift; path = SoundFile.swift; sourceTree = "<group>"; };
		DB5A4B5624FA8E6500B392A0 /* Animal.swift */ = {isa = PBXFileReference; lastKnownFileType = sourcecode.swift; path = Animal.swift; sourceTree = "<group>"; };
		DB5A4B5824FA8F4000B392A0 /* Huma.swift */ = {isa = PBXFileReference; lastKnownFileType = sourcecode.swift; path = Huma.swift; sourceTree = "<group>"; };
		DB5A4B5A24FA917D00B392A0 /* WithOutMP3.swift */ = {isa = PBXFileReference; lastKnownFileType = sourcecode.swift; path = WithOutMP3.swift; sourceTree = "<group>"; };
		DB5A4B5C24FBD27600B392A0 /* ChangeColor.swift */ = {isa = PBXFileReference; lastKnownFileType = sourcecode.swift; path = ChangeColor.swift; sourceTree = "<group>"; };
/* End PBXFileReference section */

/* Begin PBXFrameworksBuildPhase section */
		DB4E1DAA24F8A94B0053AE95 /* Frameworks */ = {
			isa = PBXFrameworksBuildPhase;
			buildActionMask = 2147483647;
			files = (
			);
			runOnlyForDeploymentPostprocessing = 0;
		};
/* End PBXFrameworksBuildPhase section */

/* Begin PBXGroup section */
		DB4E1DA424F8A94B0053AE95 = {
			isa = PBXGroup;
			children = (
				DB4E1DAF24F8A94B0053AE95 /* QuestionApp */,
				DB4E1DAE24F8A94B0053AE95 /* Products */,
			);
			sourceTree = "<group>";
		};
		DB4E1DAE24F8A94B0053AE95 /* Products */ = {
			isa = PBXGroup;
			children = (
				DB4E1DAD24F8A94B0053AE95 /* QuestionApp.app */,
			);
			name = Products;
			sourceTree = "<group>";
		};
		DB4E1DAF24F8A94B0053AE95 /* QuestionApp */ = {
			isa = PBXGroup;
			children = (
				DB4E1DCA24F8ACA90053AE95 /* Model */,
				DB4E1DCB24F8ACCC0053AE95 /* View */,
				DB4E1DCC24F8ACD40053AE95 /* Controller */,
				DB4E1DBB24F8A94E0053AE95 /* LaunchScreen.storyboard */,
				DB4E1DC524F8AB970053AE95 /* batsuSound.mp3 */,
				DB4E1DC424F8AB970053AE95 /* maruSound.mp3 */,
				DB4E1DC624F8AB970053AE95 /* sound.mp3 */,
				DB4E1DBE24F8A94E0053AE95 /* Info.plist */,
			);
			path = QuestionApp;
			sourceTree = "<group>";
		};
		DB4E1DCA24F8ACA90053AE95 /* Model */ = {
			isa = PBXGroup;
			children = (
				DB4E1DCF24F9445F0053AE95 /* imagesModel.swift */,
				DB4E1DD124F945460053AE95 /* imagesList.swift */,
				DB5A4B5424FA89DA00B392A0 /* SoundFile.swift */,
				DB5A4B5624FA8E6500B392A0 /* Animal.swift */,
				DB5A4B5824FA8F4000B392A0 /* Huma.swift */,
				DB5A4B5A24FA917D00B392A0 /* WithOutMP3.swift */,
				DB5A4B5C24FBD27600B392A0 /* ChangeColor.swift */,
			);
			path = Model;
			sourceTree = "<group>";
		};
		DB4E1DCB24F8ACCC0053AE95 /* View */ = {
			isa = PBXGroup;
			children = (
				DB4E1DB624F8A94B0053AE95 /* Main.storyboard */,
				DB4E1DB924F8A94E0053AE95 /* Assets.xcassets */,
			);
			path = View;
			sourceTree = "<group>";
		};
		DB4E1DCC24F8ACD40053AE95 /* Controller */ = {
			isa = PBXGroup;
			children = (
				DB4E1DB024F8A94B0053AE95 /* AppDelegate.swift */,
				DB4E1DB224F8A94B0053AE95 /* SceneDelegate.swift */,
				DB4E1DB424F8A94B0053AE95 /* ViewController.swift */,
				DB4E1DCD24F928C10053AE95 /* NextViewController.swift */,
			);
			path = Controller;
			sourceTree = "<group>";
		};
/* End PBXGroup section */

/* Begin PBXNativeTarget section */
		DB4E1DAC24F8A94B0053AE95 /* QuestionApp */ = {
			isa = PBXNativeTarget;
			buildConfigurationList = DB4E1DC124F8A94E0053AE95 /* Build configuration list for PBXNativeTarget "QuestionApp" */;
			buildPhases = (
				DB4E1DA924F8A94B0053AE95 /* Sources */,
				DB4E1DAA24F8A94B0053AE95 /* Frameworks */,
				DB4E1DAB24F8A94B0053AE95 /* Resources */,
			);
			buildRules = (
			);
			dependencies = (
			);
			name = QuestionApp;
			productName = QuestionApp;
			productReference = DB4E1DAD24F8A94B0053AE95 /* QuestionApp.app */;
			productType = "com.apple.product-type.application";
		};
/* End PBXNativeTarget section */

/* Begin PBXProject section */
		DB4E1DA524F8A94B0053AE95 /* Project object */ = {
			isa = PBXProject;
			attributes = {
				LastSwiftUpdateCheck = 1160;
				LastUpgradeCheck = 1160;
				ORGANIZATIONNAME = "Shintaro Kumeda";
				TargetAttributes = {
					DB4E1DAC24F8A94B0053AE95 = {
						CreatedOnToolsVersion = 11.6;
					};
				};
			};
			buildConfigurationList = DB4E1DA824F8A94B0053AE95 /* Build configuration list for PBXProject "QuestionApp" */;
			compatibilityVersion = "Xcode 9.3";
			developmentRegion = en;
			hasScannedForEncodings = 0;
			knownRegions = (
				en,
				Base,
			);
			mainGroup = DB4E1DA424F8A94B0053AE95;
			productRefGroup = DB4E1DAE24F8A94B0053AE95 /* Products */;
			projectDirPath = "";
			projectRoot = "";
			targets = (
				DB4E1DAC24F8A94B0053AE95 /* QuestionApp */,
			);
		};
/* End PBXProject section */

/* Begin PBXResourcesBuildPhase section */
		DB4E1DAB24F8A94B0053AE95 /* Resources */ = {
			isa = PBXResourcesBuildPhase;
			buildActionMask = 2147483647;
			files = (
				DB4E1DBD24F8A94E0053AE95 /* LaunchScreen.storyboard in Resources */,
				DB4E1DC724F8AB980053AE95 /* maruSound.mp3 in Resources */,
				DB4E1DBA24F8A94E0053AE95 /* Assets.xcassets in Resources */,
				DB4E1DC824F8AB980053AE95 /* batsuSound.mp3 in Resources */,
				DB4E1DC924F8AB980053AE95 /* sound.mp3 in Resources */,
				DB4E1DB824F8A94B0053AE95 /* Main.storyboard in Resources */,
			);
			runOnlyForDeploymentPostprocessing = 0;
		};
/* End PBXResourcesBuildPhase section */

/* Begin PBXSourcesBuildPhase section */
		DB4E1DA924F8A94B0053AE95 /* Sources */ = {
			isa = PBXSourcesBuildPhase;
			buildActionMask = 2147483647;
			files = (
				DB4E1DB524F8A94B0053AE95 /* ViewController.swift in Sources */,
				DB5A4B5D24FBD27600B392A0 /* ChangeColor.swift in Sources */,
				DB5A4B5724FA8E6500B392A0 /* Animal.swift in Sources */,
				DB5A4B5524FA89DA00B392A0 /* SoundFile.swift in Sources */,
				DB4E1DCE24F928C10053AE95 /* NextViewController.swift in Sources */,
				DB5A4B5924FA8F4000B392A0 /* Huma.swift in Sources */,
				DB4E1DB124F8A94B0053AE95 /* AppDelegate.swift in Sources */,
				DB4E1DB324F8A94B0053AE95 /* SceneDelegate.swift in Sources */,
				DB5A4B5B24FA917D00B392A0 /* WithOutMP3.swift in Sources */,
				DB4E1DD024F9445F0053AE95 /* imagesModel.swift in Sources */,
				DB4E1DD224F945460053AE95 /* imagesList.swift in Sources */,
			);
			runOnlyForDeploymentPostprocessing = 0;
		};
/* End PBXSourcesBuildPhase section */

/* Begin PBXVariantGroup section */
		DB4E1DB624F8A94B0053AE95 /* Main.storyboard */ = {
			isa = PBXVariantGroup;
			children = (
				DB4E1DB724F8A94B0053AE95 /* Base */,
			);
			name = Main.storyboard;
			sourceTree = "<group>";
		};
		DB4E1DBB24F8A94E0053AE95 /* LaunchScreen.storyboard */ = {
			isa = PBXVariantGroup;
			children = (
				DB4E1DBC24F8A94E0053AE95 /* Base */,
			);
			name = LaunchScreen.storyboard;
			sourceTree = "<group>";
		};
/* End PBXVariantGroup section */

/* Begin XCBuildConfiguration section */
		DB4E1DBF24F8A94E0053AE95 /* Debug */ = {
			isa = XCBuildConfiguration;
			buildSettings = {
				ALWAYS_SEARCH_USER_PATHS = NO;
				CLANG_ANALYZER_NONNULL = YES;
				CLANG_ANALYZER_NUMBER_OBJECT_CONVERSION = YES_AGGRESSIVE;
				CLANG_CXX_LANGUAGE_STANDARD = "gnu++14";
				CLANG_CXX_LIBRARY = "libc++";
				CLANG_ENABLE_MODULES = YES;
				CLANG_ENABLE_OBJC_ARC = YES;
				CLANG_ENABLE_OBJC_WEAK = YES;
				CLANG_WARN_BLOCK_CAPTURE_AUTORELEASING = YES;
				CLANG_WARN_BOOL_CONVERSION = YES;
				CLANG_WARN_COMMA = YES;
				CLANG_WARN_CONSTANT_CONVERSION = YES;
				CLANG_WARN_DEPRECATED_OBJC_IMPLEMENTATIONS = YES;
				CLANG_WARN_DIRECT_OBJC_ISA_USAGE = YES_ERROR;
				CLANG_WARN_DOCUMENTATION_COMMENTS = YES;
				CLANG_WARN_EMPTY_BODY = YES;
				CLANG_WARN_ENUM_CONVERSION = YES;
				CLANG_WARN_INFINITE_RECURSION = YES;
				CLANG_WARN_INT_CONVERSION = YES;
				CLANG_WARN_NON_LITERAL_NULL_CONVERSION = YES;
				CLANG_WARN_OBJC_IMPLICIT_RETAIN_SELF = YES;
				CLANG_WARN_OBJC_LITERAL_CONVERSION = YES;
				CLANG_WARN_OBJC_ROOT_CLASS = YES_ERROR;
				CLANG_WARN_RANGE_LOOP_ANALYSIS = YES;
				CLANG_WARN_STRICT_PROTOTYPES = YES;
				CLANG_WARN_SUSPICIOUS_MOVE = YES;
				CLANG_WARN_UNGUARDED_AVAILABILITY = YES_AGGRESSIVE;
				CLANG_WARN_UNREACHABLE_CODE = YES;
				CLANG_WARN__DUPLICATE_METHOD_MATCH = YES;
				COPY_PHASE_STRIP = NO;
				DEBUG_INFORMATION_FORMAT = dwarf;
				ENABLE_STRICT_OBJC_MSGSEND = YES;
				ENABLE_TESTABILITY = YES;
				GCC_C_LANGUAGE_STANDARD = gnu11;
				GCC_DYNAMIC_NO_PIC = NO;
				GCC_NO_COMMON_BLOCKS = YES;
				GCC_OPTIMIZATION_LEVEL = 0;
				GCC_PREPROCESSOR_DEFINITIONS = (
					"DEBUG=1",
					"$(inherited)",
				);
				GCC_WARN_64_TO_32_BIT_CONVERSION = YES;
				GCC_WARN_ABOUT_RETURN_TYPE = YES_ERROR;
				GCC_WARN_UNDECLARED_SELECTOR = YES;
				GCC_WARN_UNINITIALIZED_AUTOS = YES_AGGRESSIVE;
				GCC_WARN_UNUSED_FUNCTION = YES;
				GCC_WARN_UNUSED_VARIABLE = YES;
				IPHONEOS_DEPLOYMENT_TARGET = 13.6;
				MTL_ENABLE_DEBUG_INFO = INCLUDE_SOURCE;
				MTL_FAST_MATH = YES;
				ONLY_ACTIVE_ARCH = YES;
				SDKROOT = iphoneos;
				SWIFT_ACTIVE_COMPILATION_CONDITIONS = DEBUG;
				SWIFT_OPTIMIZATION_LEVEL = "-Onone";
			};
			name = Debug;
		};
		DB4E1DC024F8A94E0053AE95 /* Release */ = {
			isa = XCBuildConfiguration;
			buildSettings = {
				ALWAYS_SEARCH_USER_PATHS = NO;
				CLANG_ANALYZER_NONNULL = YES;
				CLANG_ANALYZER_NUMBER_OBJECT_CONVERSION = YES_AGGRESSIVE;
				CLANG_CXX_LANGUAGE_STANDARD = "gnu++14";
				CLANG_CXX_LIBRARY = "libc++";
				CLANG_ENABLE_MODULES = YES;
				CLANG_ENABLE_OBJC_ARC = YES;
				CLANG_ENABLE_OBJC_WEAK = YES;
				CLANG_WARN_BLOCK_CAPTURE_AUTORELEASING = YES;
				CLANG_WARN_BOOL_CONVERSION = YES;
				CLANG_WARN_COMMA = YES;
				CLANG_WARN_CONSTANT_CONVERSION = YES;
				CLANG_WARN_DEPRECATED_OBJC_IMPLEMENTATIONS = YES;
				CLANG_WARN_DIRECT_OBJC_ISA_USAGE = YES_ERROR;
				CLANG_WARN_DOCUMENTATION_COMMENTS = YES;
				CLANG_WARN_EMPTY_BODY = YES;
				CLANG_WARN_ENUM_CONVERSION = YES;
				CLANG_WARN_INFINITE_RECURSION = YES;
				CLANG_WARN_INT_CONVERSION = YES;
				CLANG_WARN_NON_LITERAL_NULL_CONVERSION = YES;
				CLANG_WARN_OBJC_IMPLICIT_RETAIN_SELF = YES;
				CLANG_WARN_OBJC_LITERAL_CONVERSION = YES;
				CLANG_WARN_OBJC_ROOT_CLASS = YES_ERROR;
				CLANG_WARN_RANGE_LOOP_ANALYSIS = YES;
				CLANG_WARN_STRICT_PROTOTYPES = YES;
				CLANG_WARN_SUSPICIOUS_MOVE = YES;
				CLANG_WARN_UNGUARDED_AVAILABILITY = YES_AGGRESSIVE;
				CLANG_WARN_UNREACHABLE_CODE = YES;
				CLANG_WARN__DUPLICATE_METHOD_MATCH = YES;
				COPY_PHASE_STRIP = NO;
				DEBUG_INFORMATION_FORMAT = "dwarf-with-dsym";
				ENABLE_NS_ASSERTIONS = NO;
				ENABLE_STRICT_OBJC_MSGSEND = YES;
				GCC_C_LANGUAGE_STANDARD = gnu11;
				GCC_NO_COMMON_BLOCKS = YES;
				GCC_WARN_64_TO_32_BIT_CONVERSION = YES;
				GCC_WARN_ABOUT_RETURN_TYPE = YES_ERROR;
				GCC_WARN_UNDECLARED_SELECTOR = YES;
				GCC_WARN_UNINITIALIZED_AUTOS = YES_AGGRESSIVE;
				GCC_WARN_UNUSED_FUNCTION = YES;
				GCC_WARN_UNUSED_VARIABLE = YES;
				IPHONEOS_DEPLOYMENT_TARGET = 13.6;
				MTL_ENABLE_DEBUG_INFO = NO;
				MTL_FAST_MATH = YES;
				SDKROOT = iphoneos;
				SWIFT_COMPILATION_MODE = wholemodule;
				SWIFT_OPTIMIZATION_LEVEL = "-O";
				VALIDATE_PRODUCT = YES;
			};
			name = Release;
		};
		DB4E1DC224F8A94E0053AE95 /* Debug */ = {
			isa = XCBuildConfiguration;
			buildSettings = {
				ASSETCATALOG_COMPILER_APPICON_NAME = AppIcon;
				CODE_SIGN_STYLE = Automatic;
				INFOPLIST_FILE = QuestionApp/Info.plist;
				LD_RUNPATH_SEARCH_PATHS = (
					"$(inherited)",
					"@executable_path/Frameworks",
				);
				PRODUCT_BUNDLE_IDENTIFIER = com.k2.pii.shintarokumeda.QuestionApp;
				PRODUCT_NAME = "$(TARGET_NAME)";
				SWIFT_VERSION = 5.0;
				TARGETED_DEVICE_FAMILY = 1;
			};
			name = Debug;
		};
		DB4E1DC324F8A94E0053AE95 /* Release */ = {
			isa = XCBuildConfiguration;
			buildSettings = {
				ASSETCATALOG_COMPILER_APPICON_NAME = AppIcon;
				CODE_SIGN_STYLE = Automatic;
				INFOPLIST_FILE = QuestionApp/Info.plist;
				LD_RUNPATH_SEARCH_PATHS = (
					"$(inherited)",
					"@executable_path/Frameworks",
				);
				PRODUCT_BUNDLE_IDENTIFIER = com.k2.pii.shintarokumeda.QuestionApp;
				PRODUCT_NAME = "$(TARGET_NAME)";
				SWIFT_VERSION = 5.0;
				TARGETED_DEVICE_FAMILY = 1;
			};
			name = Release;
		};
/* End XCBuildConfiguration section */

/* Begin XCConfigurationList section */
		DB4E1DA824F8A94B0053AE95 /* Build configuration list for PBXProject "QuestionApp" */ = {
			isa = XCConfigurationList;
			buildConfigurations = (
				DB4E1DBF24F8A94E0053AE95 /* Debug */,
				DB4E1DC024F8A94E0053AE95 /* Release */,
			);
			defaultConfigurationIsVisible = 0;
			defaultConfigurationName = Release;
		};
		DB4E1DC124F8A94E0053AE95 /* Build configuration list for PBXNativeTarget "QuestionApp" */ = {
			isa = XCConfigurationList;
			buildConfigurations = (
				DB4E1DC224F8A94E0053AE95 /* Debug */,
				DB4E1DC324F8A94E0053AE95 /* Release */,
			);
			defaultConfigurationIsVisible = 0;
			defaultConfigurationName = Release;
		};
/* End XCConfigurationList section */
	};
	rootObject = DB4E1DA524F8A94B0053AE95 /* Project object */;
}
